// !$*UTF8*$!
{
	archiveVersion = 1;
	classes = {
	};
	objectVersion = 50;
	objects = {

/* Begin PBXBuildFile section */
		DD3F09C3236D338900E23800 /* AppDelegate.swift in Sources */ = {isa = PBXBuildFile; fileRef = DD3F09C2236D338900E23800 /* AppDelegate.swift */; };
		DD3F09C5236D338900E23800 /* SceneDelegate.swift in Sources */ = {isa = PBXBuildFile; fileRef = DD3F09C4236D338900E23800 /* SceneDelegate.swift */; };
		DD3F09C7236D338900E23800 /* ContentView.swift in Sources */ = {isa = PBXBuildFile; fileRef = DD3F09C6236D338900E23800 /* ContentView.swift */; };
		DD3F09C9236D338C00E23800 /* Assets.xcassets in Resources */ = {isa = PBXBuildFile; fileRef = DD3F09C8236D338C00E23800 /* Assets.xcassets */; };
		DD3F09CC236D338C00E23800 /* Preview Assets.xcassets in Resources */ = {isa = PBXBuildFile; fileRef = DD3F09CB236D338C00E23800 /* Preview Assets.xcassets */; };
		DD3F09CF236D338C00E23800 /* LaunchScreen.storyboard in Resources */ = {isa = PBXBuildFile; fileRef = DD3F09CD236D338C00E23800 /* LaunchScreen.storyboard */; };
		DD3F09DD236D351B00E23800 /* ShareViewController.swift in Sources */ = {isa = PBXBuildFile; fileRef = DD3F09DC236D351B00E23800 /* ShareViewController.swift */; };
		DD3F09E0236D351B00E23800 /* MainInterface.storyboard in Resources */ = {isa = PBXBuildFile; fileRef = DD3F09DE236D351B00E23800 /* MainInterface.storyboard */; };
		DD3F09E4236D351B00E23800 /* queuedUpSE.appex in Embed App Extensions */ = {isa = PBXBuildFile; fileRef = DD3F09DA236D351A00E23800 /* queuedUpSE.appex */; settings = {ATTRIBUTES = (RemoveHeadersOnCopy, ); }; };
/* End PBXBuildFile section */

/* Begin PBXContainerItemProxy section */
		DD3F09E2236D351B00E23800 /* PBXContainerItemProxy */ = {
			isa = PBXContainerItemProxy;
			containerPortal = DD3F09B7236D338900E23800 /* Project object */;
			proxyType = 1;
			remoteGlobalIDString = DD3F09D9236D351A00E23800;
			remoteInfo = queuedUpSE;
		};
/* End PBXContainerItemProxy section */

/* Begin PBXCopyFilesBuildPhase section */
		DD3F09E8236D351B00E23800 /* Embed App Extensions */ = {
			isa = PBXCopyFilesBuildPhase;
			buildActionMask = 2147483647;
			dstPath = "";
			dstSubfolderSpec = 13;
			files = (
				DD3F09E4236D351B00E23800 /* queuedUpSE.appex in Embed App Extensions */,
			);
			name = "Embed App Extensions";
			runOnlyForDeploymentPostprocessing = 0;
		};
/* End PBXCopyFilesBuildPhase section */

/* Begin PBXFileReference section */
		DD3F09BF236D338900E23800 /* queuedUp.app */ = {isa = PBXFileReference; explicitFileType = wrapper.application; includeInIndex = 0; path = queuedUp.app; sourceTree = BUILT_PRODUCTS_DIR; };
		DD3F09C2236D338900E23800 /* AppDelegate.swift */ = {isa = PBXFileReference; lastKnownFileType = sourcecode.swift; path = AppDelegate.swift; sourceTree = "<group>"; };
		DD3F09C4236D338900E23800 /* SceneDelegate.swift */ = {isa = PBXFileReference; lastKnownFileType = sourcecode.swift; path = SceneDelegate.swift; sourceTree = "<group>"; };
		DD3F09C6236D338900E23800 /* ContentView.swift */ = {isa = PBXFileReference; lastKnownFileType = sourcecode.swift; path = ContentView.swift; sourceTree = "<group>"; };
		DD3F09C8236D338C00E23800 /* Assets.xcassets */ = {isa = PBXFileReference; lastKnownFileType = folder.assetcatalog; path = Assets.xcassets; sourceTree = "<group>"; };
		DD3F09CB236D338C00E23800 /* Preview Assets.xcassets */ = {isa = PBXFileReference; lastKnownFileType = folder.assetcatalog; path = "Preview Assets.xcassets"; sourceTree = "<group>"; };
		DD3F09CE236D338C00E23800 /* Base */ = {isa = PBXFileReference; lastKnownFileType = file.storyboard; name = Base; path = Base.lproj/LaunchScreen.storyboard; sourceTree = "<group>"; };
		DD3F09D0236D338C00E23800 /* Info.plist */ = {isa = PBXFileReference; lastKnownFileType = text.plist.xml; path = Info.plist; sourceTree = "<group>"; };
		DD3F09DA236D351A00E23800 /* queuedUpSE.appex */ = {isa = PBXFileReference; explicitFileType = "wrapper.app-extension"; includeInIndex = 0; path = queuedUpSE.appex; sourceTree = BUILT_PRODUCTS_DIR; };
		DD3F09DC236D351B00E23800 /* ShareViewController.swift */ = {isa = PBXFileReference; lastKnownFileType = sourcecode.swift; path = ShareViewController.swift; sourceTree = "<group>"; };
		DD3F09DF236D351B00E23800 /* Base */ = {isa = PBXFileReference; lastKnownFileType = file.storyboard; name = Base; path = Base.lproj/MainInterface.storyboard; sourceTree = "<group>"; };
		DD3F09E1236D351B00E23800 /* Info.plist */ = {isa = PBXFileReference; lastKnownFileType = text.plist.xml; path = Info.plist; sourceTree = "<group>"; };
/* End PBXFileReference section */

/* Begin PBXFrameworksBuildPhase section */
		DD3F09BC236D338900E23800 /* Frameworks */ = {
			isa = PBXFrameworksBuildPhase;
			buildActionMask = 2147483647;
			files = (
			);
			runOnlyForDeploymentPostprocessing = 0;
		};
		DD3F09D7236D351A00E23800 /* Frameworks */ = {
			isa = PBXFrameworksBuildPhase;
			buildActionMask = 2147483647;
			files = (
			);
			runOnlyForDeploymentPostprocessing = 0;
		};
/* End PBXFrameworksBuildPhase section */

/* Begin PBXGroup section */
		DD3F09B6236D338900E23800 = {
			isa = PBXGroup;
			children = (
				DD3F09C1236D338900E23800 /* queuedUp */,
				DD3F09DB236D351A00E23800 /* queuedUpSE */,
				DD3F09C0236D338900E23800 /* Products */,
			);
			sourceTree = "<group>";
		};
		DD3F09C0236D338900E23800 /* Products */ = {
			isa = PBXGroup;
			children = (
				DD3F09BF236D338900E23800 /* queuedUp.app */,
				DD3F09DA236D351A00E23800 /* queuedUpSE.appex */,
			);
			name = Products;
			sourceTree = "<group>";
		};
		DD3F09C1236D338900E23800 /* queuedUp */ = {
			isa = PBXGroup;
			children = (
				DD3F09C2236D338900E23800 /* AppDelegate.swift */,
				DD3F09C4236D338900E23800 /* SceneDelegate.swift */,
				DD3F09C6236D338900E23800 /* ContentView.swift */,
				DD3F09C8236D338C00E23800 /* Assets.xcassets */,
				DD3F09CD236D338C00E23800 /* LaunchScreen.storyboard */,
				DD3F09D0236D338C00E23800 /* Info.plist */,
				DD3F09CA236D338C00E23800 /* Preview Content */,
			);
			path = queuedUp;
			sourceTree = "<group>";
		};
		DD3F09CA236D338C00E23800 /* Preview Content */ = {
			isa = PBXGroup;
			children = (
				DD3F09CB236D338C00E23800 /* Preview Assets.xcassets */,
			);
			path = "Preview Content";
			sourceTree = "<group>";
		};
		DD3F09DB236D351A00E23800 /* queuedUpSE */ = {
			isa = PBXGroup;
			children = (
				DD3F09DC236D351B00E23800 /* ShareViewController.swift */,
				DD3F09DE236D351B00E23800 /* MainInterface.storyboard */,
				DD3F09E1236D351B00E23800 /* Info.plist */,
			);
			path = queuedUpSE;
			sourceTree = "<group>";
		};
/* End PBXGroup section */

/* Begin PBXNativeTarget section */
		DD3F09BE236D338900E23800 /* queuedUp */ = {
			isa = PBXNativeTarget;
			buildConfigurationList = DD3F09D3236D338C00E23800 /* Build configuration list for PBXNativeTarget "queuedUp" */;
			buildPhases = (
				DD3F09BB236D338900E23800 /* Sources */,
				DD3F09BC236D338900E23800 /* Frameworks */,
				DD3F09BD236D338900E23800 /* Resources */,
				DD3F09E8236D351B00E23800 /* Embed App Extensions */,
			);
			buildRules = (
			);
			dependencies = (
				DD3F09E3236D351B00E23800 /* PBXTargetDependency */,
			);
			name = queuedUp;
			productName = queuedUp;
			productReference = DD3F09BF236D338900E23800 /* queuedUp.app */;
			productType = "com.apple.product-type.application";
		};
		DD3F09D9236D351A00E23800 /* queuedUpSE */ = {
			isa = PBXNativeTarget;
			buildConfigurationList = DD3F09E5236D351B00E23800 /* Build configuration list for PBXNativeTarget "queuedUpSE" */;
			buildPhases = (
				DD3F09D6236D351A00E23800 /* Sources */,
				DD3F09D7236D351A00E23800 /* Frameworks */,
				DD3F09D8236D351A00E23800 /* Resources */,
			);
			buildRules = (
			);
			dependencies = (
			);
			name = queuedUpSE;
			productName = queuedUpSE;
			productReference = DD3F09DA236D351A00E23800 /* queuedUpSE.appex */;
			productType = "com.apple.product-type.app-extension";
		};
/* End PBXNativeTarget section */

/* Begin PBXProject section */
		DD3F09B7236D338900E23800 /* Project object */ = {
			isa = PBXProject;
			attributes = {
				LastSwiftUpdateCheck = 1110;
				LastUpgradeCheck = 1110;
				ORGANIZATIONNAME = "Alex Haight";
				TargetAttributes = {
					DD3F09BE236D338900E23800 = {
						CreatedOnToolsVersion = 11.1;
					};
					DD3F09D9236D351A00E23800 = {
						CreatedOnToolsVersion = 11.1;
					};
				};
			};
			buildConfigurationList = DD3F09BA236D338900E23800 /* Build configuration list for PBXProject "queuedUp" */;
			compatibilityVersion = "Xcode 9.3";
			developmentRegion = en;
			hasScannedForEncodings = 0;
			knownRegions = (
				en,
				Base,
			);
			mainGroup = DD3F09B6236D338900E23800;
			productRefGroup = DD3F09C0236D338900E23800 /* Products */;
			projectDirPath = "";
			projectRoot = "";
			targets = (
				DD3F09BE236D338900E23800 /* queuedUp */,
				DD3F09D9236D351A00E23800 /* queuedUpSE */,
			);
		};
/* End PBXProject section */

/* Begin PBXResourcesBuildPhase section */
		DD3F09BD236D338900E23800 /* Resources */ = {
			isa = PBXResourcesBuildPhase;
			buildActionMask = 2147483647;
			files = (
				DD3F09CF236D338C00E23800 /* LaunchScreen.storyboard in Resources */,
				DD3F09CC236D338C00E23800 /* Preview Assets.xcassets in Resources */,
				DD3F09C9236D338C00E23800 /* Assets.xcassets in Resources */,
			);
			runOnlyForDeploymentPostprocessing = 0;
		};
		DD3F09D8236D351A00E23800 /* Resources */ = {
			isa = PBXResourcesBuildPhase;
			buildActionMask = 2147483647;
			files = (
				DD3F09E0236D351B00E23800 /* MainInterface.storyboard in Resources */,
			);
			runOnlyForDeploymentPostprocessing = 0;
		};
/* End PBXResourcesBuildPhase section */

/* Begin PBXSourcesBuildPhase section */
		DD3F09BB236D338900E23800 /* Sources */ = {
			isa = PBXSourcesBuildPhase;
			buildActionMask = 2147483647;
			files = (
				DD3F09C3236D338900E23800 /* AppDelegate.swift in Sources */,
				DD3F09C5236D338900E23800 /* SceneDelegate.swift in Sources */,
				DD3F09C7236D338900E23800 /* ContentView.swift in Sources */,
			);
			runOnlyForDeploymentPostprocessing = 0;
		};
		DD3F09D6236D351A00E23800 /* Sources */ = {
			isa = PBXSourcesBuildPhase;
			buildActionMask = 2147483647;
			files = (
				DD3F09DD236D351B00E23800 /* ShareViewController.swift in Sources */,
			);
			runOnlyForDeploymentPostprocessing = 0;
		};
/* End PBXSourcesBuildPhase section */

/* Begin PBXTargetDependency section */
		DD3F09E3236D351B00E23800 /* PBXTargetDependency */ = {
			isa = PBXTargetDependency;
			target = DD3F09D9236D351A00E23800 /* queuedUpSE */;
			targetProxy = DD3F09E2236D351B00E23800 /* PBXContainerItemProxy */;
		};
/* End PBXTargetDependency section */

/* Begin PBXVariantGroup section */
		DD3F09CD236D338C00E23800 /* LaunchScreen.storyboard */ = {
			isa = PBXVariantGroup;
			children = (
				DD3F09CE236D338C00E23800 /* Base */,
			);
			name = LaunchScreen.storyboard;
			sourceTree = "<group>";
		};
		DD3F09DE236D351B00E23800 /* MainInterface.storyboard */ = {
			isa = PBXVariantGroup;
			children = (
				DD3F09DF236D351B00E23800 /* Base */,
			);
			name = MainInterface.storyboard;
			sourceTree = "<group>";
		};
/* End PBXVariantGroup section */

/* Begin XCBuildConfiguration section */
		DD3F09D1236D338C00E23800 /* Debug */ = {
			isa = XCBuildConfiguration;
			buildSettings = {
				ALWAYS_SEARCH_USER_PATHS = NO;
				CLANG_ANALYZER_NONNULL = YES;
				CLANG_ANALYZER_NUMBER_OBJECT_CONVERSION = YES_AGGRESSIVE;
				CLANG_CXX_LANGUAGE_STANDARD = "gnu++14";
				CLANG_CXX_LIBRARY = "libc++";
				CLANG_ENABLE_MODULES = YES;
				CLANG_ENABLE_OBJC_ARC = YES;
				CLANG_ENABLE_OBJC_WEAK = YES;
				CLANG_WARN_BLOCK_CAPTURE_AUTORELEASING = YES;
				CLANG_WARN_BOOL_CONVERSION = YES;
				CLANG_WARN_COMMA = YES;
				CLANG_WARN_CONSTANT_CONVERSION = YES;
				CLANG_WARN_DEPRECATED_OBJC_IMPLEMENTATIONS = YES;
				CLANG_WARN_DIRECT_OBJC_ISA_USAGE = YES_ERROR;
				CLANG_WARN_DOCUMENTATION_COMMENTS = YES;
				CLANG_WARN_EMPTY_BODY = YES;
				CLANG_WARN_ENUM_CONVERSION = YES;
				CLANG_WARN_INFINITE_RECURSION = YES;
				CLANG_WARN_INT_CONVERSION = YES;
				CLANG_WARN_NON_LITERAL_NULL_CONVERSION = YES;
				CLANG_WARN_OBJC_IMPLICIT_RETAIN_SELF = YES;
				CLANG_WARN_OBJC_LITERAL_CONVERSION = YES;
				CLANG_WARN_OBJC_ROOT_CLASS = YES_ERROR;
				CLANG_WARN_RANGE_LOOP_ANALYSIS = YES;
				CLANG_WARN_STRICT_PROTOTYPES = YES;
				CLANG_WARN_SUSPICIOUS_MOVE = YES;
				CLANG_WARN_UNGUARDED_AVAILABILITY = YES_AGGRESSIVE;
				CLANG_WARN_UNREACHABLE_CODE = YES;
				CLANG_WARN__DUPLICATE_METHOD_MATCH = YES;
				COPY_PHASE_STRIP = NO;
				DEBUG_INFORMATION_FORMAT = dwarf;
				ENABLE_STRICT_OBJC_MSGSEND = YES;
				ENABLE_TESTABILITY = YES;
				GCC_C_LANGUAGE_STANDARD = gnu11;
				GCC_DYNAMIC_NO_PIC = NO;
				GCC_NO_COMMON_BLOCKS = YES;
				GCC_OPTIMIZATION_LEVEL = 0;
				GCC_PREPROCESSOR_DEFINITIONS = (
					"DEBUG=1",
					"$(inherited)",
				);
				GCC_WARN_64_TO_32_BIT_CONVERSION = YES;
				GCC_WARN_ABOUT_RETURN_TYPE = YES_ERROR;
				GCC_WARN_UNDECLARED_SELECTOR = YES;
				GCC_WARN_UNINITIALIZED_AUTOS = YES_AGGRESSIVE;
				GCC_WARN_UNUSED_FUNCTION = YES;
				GCC_WARN_UNUSED_VARIABLE = YES;
				IPHONEOS_DEPLOYMENT_TARGET = 13.1;
				MTL_ENABLE_DEBUG_INFO = INCLUDE_SOURCE;
				MTL_FAST_MATH = YES;
				ONLY_ACTIVE_ARCH = YES;
				SDKROOT = iphoneos;
				SWIFT_ACTIVE_COMPILATION_CONDITIONS = DEBUG;
				SWIFT_OPTIMIZATION_LEVEL = "-Onone";
			};
			name = Debug;
		};
		DD3F09D2236D338C00E23800 /* Release */ = {
			isa = XCBuildConfiguration;
			buildSettings = {
				ALWAYS_SEARCH_USER_PATHS = NO;
				CLANG_ANALYZER_NONNULL = YES;
				CLANG_ANALYZER_NUMBER_OBJECT_CONVERSION = YES_AGGRESSIVE;
				CLANG_CXX_LANGUAGE_STANDARD = "gnu++14";
				CLANG_CXX_LIBRARY = "libc++";
				CLANG_ENABLE_MODULES = YES;
				CLANG_ENABLE_OBJC_ARC = YES;
				CLANG_ENABLE_OBJC_WEAK = YES;
				CLANG_WARN_BLOCK_CAPTURE_AUTORELEASING = YES;
				CLANG_WARN_BOOL_CONVERSION = YES;
				CLANG_WARN_COMMA = YES;
				CLANG_WARN_CONSTANT_CONVERSION = YES;
				CLANG_WARN_DEPRECATED_OBJC_IMPLEMENTATIONS = YES;
				CLANG_WARN_DIRECT_OBJC_ISA_USAGE = YES_ERROR;
				CLANG_WARN_DOCUMENTATION_COMMENTS = YES;
				CLANG_WARN_EMPTY_BODY = YES;
				CLANG_WARN_ENUM_CONVERSION = YES;
				CLANG_WARN_INFINITE_RECURSION = YES;
				CLANG_WARN_INT_CONVERSION = YES;
				CLANG_WARN_NON_LITERAL_NULL_CONVERSION = YES;
				CLANG_WARN_OBJC_IMPLICIT_RETAIN_SELF = YES;
				CLANG_WARN_OBJC_LITERAL_CONVERSION = YES;
				CLANG_WARN_OBJC_ROOT_CLASS = YES_ERROR;
				CLANG_WARN_RANGE_LOOP_ANALYSIS = YES;
				CLANG_WARN_STRICT_PROTOTYPES = YES;
				CLANG_WARN_SUSPICIOUS_MOVE = YES;
				CLANG_WARN_UNGUARDED_AVAILABILITY = YES_AGGRESSIVE;
				CLANG_WARN_UNREACHABLE_CODE = YES;
				CLANG_WARN__DUPLICATE_METHOD_MATCH = YES;
				COPY_PHASE_STRIP = NO;
				DEBUG_INFORMATION_FORMAT = "dwarf-with-dsym";
				ENABLE_NS_ASSERTIONS = NO;
				ENABLE_STRICT_OBJC_MSGSEND = YES;
				GCC_C_LANGUAGE_STANDARD = gnu11;
				GCC_NO_COMMON_BLOCKS = YES;
				GCC_WARN_64_TO_32_BIT_CONVERSION = YES;
				GCC_WARN_ABOUT_RETURN_TYPE = YES_ERROR;
				GCC_WARN_UNDECLARED_SELECTOR = YES;
				GCC_WARN_UNINITIALIZED_AUTOS = YES_AGGRESSIVE;
				GCC_WARN_UNUSED_FUNCTION = YES;
				GCC_WARN_UNUSED_VARIABLE = YES;
				IPHONEOS_DEPLOYMENT_TARGET = 13.1;
				MTL_ENABLE_DEBUG_INFO = NO;
				MTL_FAST_MATH = YES;
				SDKROOT = iphoneos;
				SWIFT_COMPILATION_MODE = wholemodule;
				SWIFT_OPTIMIZATION_LEVEL = "-O";
				VALIDATE_PRODUCT = YES;
			};
			name = Release;
		};
		DD3F09D4236D338C00E23800 /* Debug */ = {
			isa = XCBuildConfiguration;
			buildSettings = {
				ALWAYS_EMBED_SWIFT_STANDARD_LIBRARIES = YES;
				ASSETCATALOG_COMPILER_APPICON_NAME = AppIcon;
				CODE_SIGN_STYLE = Automatic;
				DEVELOPMENT_ASSET_PATHS = "\"queuedUp/Preview Content\"";
				DEVELOPMENT_TEAM = KSQ8MR9PDG;
				ENABLE_PREVIEWS = YES;
				INFOPLIST_FILE = queuedUp/Info.plist;
				LD_RUNPATH_SEARCH_PATHS = (
					"$(inherited)",
					"@executable_path/Frameworks",
				);
				PRODUCT_BUNDLE_IDENTIFIER = cuhack.it.queuedUp;
				PRODUCT_NAME = "$(TARGET_NAME)";
				SWIFT_VERSION = 5.0;
				TARGETED_DEVICE_FAMILY = "1,2";
			};
			name = Debug;
		};
		DD3F09D5236D338C00E23800 /* Release */ = {
			isa = XCBuildConfiguration;
			buildSettings = {
				ALWAYS_EMBED_SWIFT_STANDARD_LIBRARIES = YES;
				ASSETCATALOG_COMPILER_APPICON_NAME = AppIcon;
				CODE_SIGN_STYLE = Automatic;
				DEVELOPMENT_ASSET_PATHS = "\"queuedUp/Preview Content\"";
				DEVELOPMENT_TEAM = KSQ8MR9PDG;
				ENABLE_PREVIEWS = YES;
				INFOPLIST_FILE = queuedUp/Info.plist;
				LD_RUNPATH_SEARCH_PATHS = (
					"$(inherited)",
					"@executable_path/Frameworks",
				);
				PRODUCT_BUNDLE_IDENTIFIER = cuhack.it.queuedUp;
				PRODUCT_NAME = "$(TARGET_NAME)";
				SWIFT_VERSION = 5.0;
				TARGETED_DEVICE_FAMILY = "1,2";
			};
			name = Release;
		};
		DD3F09E6236D351B00E23800 /* Debug */ = {
			isa = XCBuildConfiguration;
			buildSettings = {
				CODE_SIGN_STYLE = Automatic;
				DEVELOPMENT_TEAM = KSQ8MR9PDG;
				INFOPLIST_FILE = queuedUpSE/Info.plist;
				LD_RUNPATH_SEARCH_PATHS = (
					"$(inherited)",
					"@executable_path/Frameworks",
					"@executable_path/../../Frameworks",
				);
				PRODUCT_BUNDLE_IDENTIFIER = cuhack.it.queuedUp.queuedUpSE;
				PRODUCT_NAME = "$(TARGET_NAME)";
				SKIP_INSTALL = YES;
				SWIFT_VERSION = 5.0;
				TARGETED_DEVICE_FAMILY = "1,2";
			};
			name = Debug;
		};
		DD3F09E7236D351B00E23800 /* Release */ = {
			isa = XCBuildConfiguration;
			buildSettings = {
				CODE_SIGN_STYLE = Automatic;
				DEVELOPMENT_TEAM = KSQ8MR9PDG;
				INFOPLIST_FILE = queuedUpSE/Info.plist;
				LD_RUNPATH_SEARCH_PATHS = (
					"$(inherited)",
					"@executable_path/Frameworks",
					"@executable_path/../../Frameworks",
				);
				PRODUCT_BUNDLE_IDENTIFIER = cuhack.it.queuedUp.queuedUpSE;
				PRODUCT_NAME = "$(TARGET_NAME)";
				SKIP_INSTALL = YES;
				SWIFT_VERSION = 5.0;
				TARGETED_DEVICE_FAMILY = "1,2";
			};
			name = Release;
		};
/* End XCBuildConfiguration section */

/* Begin XCConfigurationList section */
		DD3F09BA236D338900E23800 /* Build configuration list for PBXProject "queuedUp" */ = {
			isa = XCConfigurationList;
			buildConfigurations = (
				DD3F09D1236D338C00E23800 /* Debug */,
				DD3F09D2236D338C00E23800 /* Release */,
			);
			defaultConfigurationIsVisible = 0;
			defaultConfigurationName = Release;
		};
		DD3F09D3236D338C00E23800 /* Build configuration list for PBXNativeTarget "queuedUp" */ = {
			isa = XCConfigurationList;
			buildConfigurations = (
				DD3F09D4236D338C00E23800 /* Debug */,
				DD3F09D5236D338C00E23800 /* Release */,
			);
			defaultConfigurationIsVisible = 0;
			defaultConfigurationName = Release;
		};
		DD3F09E5236D351B00E23800 /* Build configuration list for PBXNativeTarget "queuedUpSE" */ = {
			isa = XCConfigurationList;
			buildConfigurations = (
				DD3F09E6236D351B00E23800 /* Debug */,
				DD3F09E7236D351B00E23800 /* Release */,
			);
			defaultConfigurationIsVisible = 0;
			defaultConfigurationName = Release;
		};
/* End XCConfigurationList section */
	};
	rootObject = DD3F09B7236D338900E23800 /* Project object */;
}
